
Microsoft Visual Studio Solution File, Format Version 12.00
# Visual Studio 15
VisualStudioVersion = 15.0.27703.2042
MinimumVisualStudioVersion = 10.0.40219.1
Project("{FAE04EC0-301F-11D3-BF4B-00C04F79EFBC}") = "GingerSeleniumPlugin", "GingerSeleniumPlugin\GingerSeleniumPlugin.csproj", "{DD5FA3E1-FA25-4877-91A7-A4E8786E9E6A}"
EndProject
Global
	GlobalSection(SolutionConfigurationPlatforms) = preSolution
		Debug|Any CPU = Debug|Any CPU
		Release|Any CPU = Release|Any CPU
	EndGlobalSection
	GlobalSection(ProjectConfigurationPlatforms) = postSolution
		{DD5FA3E1-FA25-4877-91A7-A4E8786E9E6A}.Debug|Any CPU.ActiveCfg = Debug|Any CPU
		{DD5FA3E1-FA25-4877-91A7-A4E8786E9E6A}.Debug|Any CPU.Build.0 = Debug|Any CPU
		{DD5FA3E1-FA25-4877-91A7-A4E8786E9E6A}.Release|Any CPU.ActiveCfg = Release|Any CPU
		{DD5FA3E1-FA25-4877-91A7-A4E8786E9E6A}.Release|Any CPU.Build.0 = Release|Any CPU
	EndGlobalSection
	GlobalSection(SolutionProperties) = preSolution
		HideSolutionNode = FALSE
	EndGlobalSection
	GlobalSection(ExtensibilityGlobals) = postSolution
		SolutionGuid = {E0C5235F-D696-497C-A1DC-D04C98A9559A}
	EndGlobalSection
EndGlobal
